<?xml version="1.0" encoding="utf-8"?>
<Project ToolsVersion="4.0" xmlns="http://schemas.microsoft.com/developer/msbuild/2003">
  <ItemGroup>
    <Filter Include="cpp">
      <UniqueIdentifier>{213151aa-0d04-47aa-8d8e-d97942dbaaca}</UniqueIdentifier>
    </Filter>
    <Filter Include="h">
      <UniqueIdentifier>{93995380-89BD-4b04-88EB-625FBE52EBFB}</UniqueIdentifier>
      <Extensions>h;hpp;hxx;hm;inl;inc;xsd</Extensions>
    </Filter>
  </ItemGroup>
  <ItemGroup>
    <ClCompile Include="..\src\DX11Renderer.cpp">
      <Filter>cpp</Filter>
    </ClCompile>
    <ClCompile Include="..\src\Renderer.cpp">
      <Filter>cpp</Filter>
    </ClCompile>
    <ClCompile Include="..\src\Exception.cpp">
      <Filter>cpp</Filter>
    </ClCompile>
    <ClCompile Include="..\src\Input.cpp">
      <Filter>cpp</Filter>
    </ClCompile>
    <ClCompile Include="..\src\WinApplication.cpp">
      <Filter>cpp</Filter>
    </ClCompile>
    <ClCompile Include="..\src\Application.cpp">
      <Filter>cpp</Filter>
    </ClCompile>
    <ClCompile Include="..\src\SceneCamera.cpp">
      <Filter>cpp</Filter>
    </ClCompile>
    <ClCompile Include="..\src\DX11SceneCamera.cpp">
      <Filter>cpp</Filter>
    </ClCompile>
    <ClCompile Include="..\src\DX11VertexShader.cpp">
      <Filter>cpp</Filter>
    </ClCompile>
    <ClCompile Include="..\src\DX11PixelShader.cpp">
      <Filter>cpp</Filter>
    </ClCompile>
    <ClCompile Include="..\src\Mesh.cpp">
      <Filter>cpp</Filter>
    </ClCompile>
    <ClCompile Include="..\src\DX11Mesh.cpp">
      <Filter>cpp</Filter>
    </ClCompile>
  </ItemGroup>
  <ItemGroup>
    <ClInclude Include="..\src\Renderer.h">
      <Filter>h</Filter>
    </ClInclude>
    <ClInclude Include="..\src\DX11Renderer.h">
      <Filter>h</Filter>
    </ClInclude>
    <ClInclude Include="..\src\Globals.h">
      <Filter>h</Filter>
    </ClInclude>
    <ClInclude Include="..\src\Exception.h">
      <Filter>h</Filter>
    </ClInclude>
    <ClInclude Include="..\src\Input.h">
      <Filter>h</Filter>
    </ClInclude>
    <ClInclude Include="..\src\WinApplication.h">
      <Filter>h</Filter>
    </ClInclude>
    <ClInclude Include="..\src\Application.h">
      <Filter>h</Filter>
    </ClInclude>
    <ClInclude Include="..\src\SceneCamera.h">
      <Filter>h</Filter>
    </ClInclude>
    <ClInclude Include="..\src\DX11SceneCamera.h">
      <Filter>h</Filter>
    </ClInclude>
    <ClInclude Include="..\src\DX11VertexShader.h">
      <Filter>h</Filter>
    </ClInclude>
    <ClInclude Include="..\src\DX11PixelShader.h">
      <Filter>h</Filter>
    </ClInclude>
    <ClInclude Include="..\src\Mesh.h">
      <Filter>h</Filter>
    </ClInclude>
    <ClInclude Include="..\src\DX11Mesh.h">
      <Filter>h</Filter>
    </ClInclude>
    <ClInclude Include="..\src\DX11.h">
      <Filter>h</Filter>
    </ClInclude>
  </ItemGroup>
</Project>