<?xml version="1.0" encoding="utf-8"?>
<Project ToolsVersion="4.0" xmlns="http://schemas.microsoft.com/developer/msbuild/2003">
  <ItemGroup>
    <Filter Include="cpp">
      <UniqueIdentifier>{213151aa-0d04-47aa-8d8e-d97942dbaaca}</UniqueIdentifier>
    </Filter>
    <Filter Include="h">
      <UniqueIdentifier>{93995380-89BD-4b04-88EB-625FBE52EBFB}</UniqueIdentifier>
      <Extensions>h;hpp;hxx;hm;inl;inc;xsd</Extensions>
    </Filter>
  </ItemGroup>
  <ItemGroup>
    <ClCompile Include="..\src\DX11Renderer.cpp">
      <Filter>cpp</Filter>
    </ClCompile>
    <ClCompile Include="..\src\System.cpp">
      <Filter>cpp</Filter>
    </ClCompile>
    <ClCompile Include="..\src\Main.cpp">
      <Filter>cpp</Filter>
    </ClCompile>
    <ClCompile Include="..\src\Renderer.cpp">
      <Filter>cpp</Filter>
    </ClCompile>
    <ClCompile Include="..\src\Exception.cpp">
      <Filter>cpp</Filter>
    </ClCompile>
    <ClCompile Include="..\src\Input.cpp">
      <Filter>cpp</Filter>
    </ClCompile>
    <ClCompile Include="..\src\WinSystem.cpp">
      <Filter>cpp</Filter>
    </ClCompile>
  </ItemGroup>
  <ItemGroup>
    <ClInclude Include="..\src\System.h">
      <Filter>h</Filter>
    </ClInclude>
    <ClInclude Include="..\src\Renderer.h">
      <Filter>h</Filter>
    </ClInclude>
    <ClInclude Include="..\src\DX11Renderer.h">
      <Filter>h</Filter>
    </ClInclude>
    <ClInclude Include="..\src\Globals.h">
      <Filter>h</Filter>
    </ClInclude>
    <ClInclude Include="..\src\Exception.h">
      <Filter>h</Filter>
    </ClInclude>
    <ClInclude Include="..\src\Input.h">
      <Filter>h</Filter>
    </ClInclude>
    <ClInclude Include="..\src\WinSystem.h">
      <Filter>h</Filter>
    </ClInclude>
  </ItemGroup>
</Project>